
Microsoft Visual Studio Solution File, Format Version 12.00
# Visual Studio Version 17
VisualStudioVersion = 17.4.33213.308
MinimumVisualStudioVersion = 10.0.40219.1
Project("{FAE04EC0-301F-11D3-BF4B-00C04F79EFBC}") = "SzkolenieTechniczneCinemaStorage", "SzkolenieTechniczneCinemaStorage\SzkolenieTechniczneCinemaStorage.csproj", "{47E7E3F2-80DF-4B01-8EBE-A013DB66B985}"
EndProject
Project("{FAE04EC0-301F-11D3-BF4B-00C04F79EFBC}") = "CineamService", "CineamService\CineamService.csproj", "{C7FD502F-6973-4A94-A257-8B06664D48B1}"
EndProject
Global
	GlobalSection(SolutionConfigurationPlatforms) = preSolution
		Debug|Any CPU = Debug|Any CPU
		Release|Any CPU = Release|Any CPU
	EndGlobalSection
	GlobalSection(ProjectConfigurationPlatforms) = postSolution
		{47E7E3F2-80DF-4B01-8EBE-A013DB66B985}.Debug|Any CPU.ActiveCfg = Debug|Any CPU
		{47E7E3F2-80DF-4B01-8EBE-A013DB66B985}.Debug|Any CPU.Build.0 = Debug|Any CPU
		{47E7E3F2-80DF-4B01-8EBE-A013DB66B985}.Release|Any CPU.ActiveCfg = Release|Any CPU
		{47E7E3F2-80DF-4B01-8EBE-A013DB66B985}.Release|Any CPU.Build.0 = Release|Any CPU
		{C7FD502F-6973-4A94-A257-8B06664D48B1}.Debug|Any CPU.ActiveCfg = Debug|Any CPU
		{C7FD502F-6973-4A94-A257-8B06664D48B1}.Debug|Any CPU.Build.0 = Debug|Any CPU
		{C7FD502F-6973-4A94-A257-8B06664D48B1}.Release|Any CPU.ActiveCfg = Release|Any CPU
		{C7FD502F-6973-4A94-A257-8B06664D48B1}.Release|Any CPU.Build.0 = Release|Any CPU
	EndGlobalSection
	GlobalSection(SolutionProperties) = preSolution
		HideSolutionNode = FALSE
	EndGlobalSection
	GlobalSection(ExtensibilityGlobals) = postSolution
		SolutionGuid = {4D17A50C-59E4-4B53-98F7-487A6BD70CDC}
	EndGlobalSection
EndGlobal
